
Microsoft Visual Studio Solution File, Format Version 12.00
# Visual Studio Version 17
VisualStudioVersion = 17.14.36705.20 d17.14
MinimumVisualStudioVersion = 10.0.40219.1
Project("{FAE04EC0-301F-11D3-BF4B-00C04F79EFBC}") = "FrameTimeCalculator", "FrameTimeCalculator\FrameTimeCalculator.csproj", "{DF8A3039-CEE8-48C7-898B-C955AFA96843}"
EndProject
Global
	GlobalSection(SolutionConfigurationPlatforms) = preSolution
		Debug|Any CPU = Debug|Any CPU
		Release|Any CPU = Release|Any CPU
	EndGlobalSection
	GlobalSection(ProjectConfigurationPlatforms) = postSolution
		{DF8A3039-CEE8-48C7-898B-C955AFA96843}.Debug|Any CPU.ActiveCfg = Debug|Any CPU
		{DF8A3039-CEE8-48C7-898B-C955AFA96843}.Debug|Any CPU.Build.0 = Debug|Any CPU
		{DF8A3039-CEE8-48C7-898B-C955AFA96843}.Release|Any CPU.ActiveCfg = Release|Any CPU
		{DF8A3039-CEE8-48C7-898B-C955AFA96843}.Release|Any CPU.Build.0 = Release|Any CPU
	EndGlobalSection
	GlobalSection(SolutionProperties) = preSolution
		HideSolutionNode = FALSE
	EndGlobalSection
	GlobalSection(ExtensibilityGlobals) = postSolution
		SolutionGuid = {2F84C283-2F08-420B-81DD-819339E9BBF6}
	EndGlobalSection
EndGlobal
